// !$*UTF8*$!
{
	archiveVersion = 1;
	classes = {
	};
	objectVersion = 56;
	objects = {

/* Begin PBXBuildFile section */
		9821E3CA2C98323500E1A8C9 /* MainScreenViewControllerMock.swift in Sources */ = {isa = PBXBuildFile; fileRef = 9821E3C92C98323500E1A8C9 /* MainScreenViewControllerMock.swift */; };
		9821E3CC2C98342F00E1A8C9 /* MainScreenInteractorMock.swift in Sources */ = {isa = PBXBuildFile; fileRef = 9821E3CB2C98342F00E1A8C9 /* MainScreenInteractorMock.swift */; };
		9821E3D12C986B8100E1A8C9 /* MainScreenRouterMock.swift in Sources */ = {isa = PBXBuildFile; fileRef = 9821E3D02C986B8100E1A8C9 /* MainScreenRouterMock.swift */; };
		9821E3D32C987B3700E1A8C9 /* DataManagerMock.swift in Sources */ = {isa = PBXBuildFile; fileRef = 9821E3D22C987B3700E1A8C9 /* DataManagerMock.swift */; };
		9821E3D52C987DA700E1A8C9 /* NetworkManagerMock.swift in Sources */ = {isa = PBXBuildFile; fileRef = 9821E3D42C987DA700E1A8C9 /* NetworkManagerMock.swift */; };
		984F90832C96C7AD00B72D4A /* MainScreenPresenterTests.swift in Sources */ = {isa = PBXBuildFile; fileRef = 984F90822C96C7AD00B72D4A /* MainScreenPresenterTests.swift */; };
		984F90852C96C7C200B72D4A /* MainScreenInteractorTests.swift in Sources */ = {isa = PBXBuildFile; fileRef = 984F90842C96C7C200B72D4A /* MainScreenInteractorTests.swift */; };
		984F90872C96CC9100B72D4A /* MainScreenPresenterMock.swift in Sources */ = {isa = PBXBuildFile; fileRef = 984F90862C96CC9100B72D4A /* MainScreenPresenterMock.swift */; };
		984F90892C96F11500B72D4A /* ToastView.swift in Sources */ = {isa = PBXBuildFile; fileRef = 984F90882C96F11500B72D4A /* ToastView.swift */; };
		989668DB2C91D24500DFD51F /* TaskScreenViewController.swift in Sources */ = {isa = PBXBuildFile; fileRef = 989668DA2C91D24500DFD51F /* TaskScreenViewController.swift */; };
		98AC44AA2C94941F00B43070 /* ResponseModel.swift in Sources */ = {isa = PBXBuildFile; fileRef = 98AC44A92C94941F00B43070 /* ResponseModel.swift */; };
		98AC44AC2C94964300B43070 /* ResponseModelMapper.swift in Sources */ = {isa = PBXBuildFile; fileRef = 98AC44AB2C94964300B43070 /* ResponseModelMapper.swift */; };
		98B317012C94627A008205B4 /* Storage.swift in Sources */ = {isa = PBXBuildFile; fileRef = 98B317002C94627A008205B4 /* Storage.swift */; };
		98B317042C946673008205B4 /* Alamofire in Frameworks */ = {isa = PBXBuildFile; productRef = 98B317032C946673008205B4 /* Alamofire */; };
		98B317082C946738008205B4 /* NetworkManager.swift in Sources */ = {isa = PBXBuildFile; fileRef = 98B317072C946738008205B4 /* NetworkManager.swift */; };
		98BC45102C988D370060106C /* ResponseModelMapperMock.swift in Sources */ = {isa = PBXBuildFile; fileRef = 98BC450F2C988D370060106C /* ResponseModelMapperMock.swift */; };
		98BC45122C98979A0060106C /* TaskScreenPresenterTest.swift in Sources */ = {isa = PBXBuildFile; fileRef = 98BC45112C98979A0060106C /* TaskScreenPresenterTest.swift */; };
		98BC45142C9897B00060106C /* TaskScreenViewControllerMock.swift in Sources */ = {isa = PBXBuildFile; fileRef = 98BC45132C9897B00060106C /* TaskScreenViewControllerMock.swift */; };
		98BC45162C98982F0060106C /* TaskScreenPresenterOutputMock.swift in Sources */ = {isa = PBXBuildFile; fileRef = 98BC45152C98982F0060106C /* TaskScreenPresenterOutputMock.swift */; };
		98BC45182C9898BF0060106C /* TaskScreenInteractorMock.swift in Sources */ = {isa = PBXBuildFile; fileRef = 98BC45172C9898BF0060106C /* TaskScreenInteractorMock.swift */; };
		98BC451A2C98998D0060106C /* TaskScreenRouterMock.swift in Sources */ = {isa = PBXBuildFile; fileRef = 98BC45192C98998D0060106C /* TaskScreenRouterMock.swift */; };
		98BC451C2C989D980060106C /* TaskScreenInteractorTest.swift in Sources */ = {isa = PBXBuildFile; fileRef = 98BC451B2C989D980060106C /* TaskScreenInteractorTest.swift */; };
		98BD0BE32C9315EB009D3D38 /* TaskScreenPresenter.swift in Sources */ = {isa = PBXBuildFile; fileRef = 98BD0BE22C9315EB009D3D38 /* TaskScreenPresenter.swift */; };
		98BD0BE52C931728009D3D38 /* TaskScreenModel.swift in Sources */ = {isa = PBXBuildFile; fileRef = 98BD0BE42C931728009D3D38 /* TaskScreenModel.swift */; };
		98BD0BE72C933102009D3D38 /* Router.swift in Sources */ = {isa = PBXBuildFile; fileRef = 98BD0BE62C933102009D3D38 /* Router.swift */; };
		98BD0BEA2C933711009D3D38 /* TaskScreenRouter.swift in Sources */ = {isa = PBXBuildFile; fileRef = 98BD0BE92C933711009D3D38 /* TaskScreenRouter.swift */; };
		98BD0BED2C933EB2009D3D38 /* TaskScreenInteractor.swift in Sources */ = {isa = PBXBuildFile; fileRef = 98BD0BEC2C933EB2009D3D38 /* TaskScreenInteractor.swift */; };
		98BF79802C901F5C00D26CB6 /* AppDelegate.swift in Sources */ = {isa = PBXBuildFile; fileRef = 98BF797F2C901F5C00D26CB6 /* AppDelegate.swift */; };
		98BF79822C901F5C00D26CB6 /* SceneDelegate.swift in Sources */ = {isa = PBXBuildFile; fileRef = 98BF79812C901F5C00D26CB6 /* SceneDelegate.swift */; };
		98BF79842C901F5C00D26CB6 /* MainScreenViewController.swift in Sources */ = {isa = PBXBuildFile; fileRef = 98BF79832C901F5C00D26CB6 /* MainScreenViewController.swift */; };
		98BF798A2C901F5C00D26CB6 /* ToDoList.xcdatamodeld in Sources */ = {isa = PBXBuildFile; fileRef = 98BF79882C901F5C00D26CB6 /* ToDoList.xcdatamodeld */; };
		98BF798C2C901F5D00D26CB6 /* Assets.xcassets in Resources */ = {isa = PBXBuildFile; fileRef = 98BF798B2C901F5D00D26CB6 /* Assets.xcassets */; };
		98BF798F2C901F5D00D26CB6 /* Base in Resources */ = {isa = PBXBuildFile; fileRef = 98BF798E2C901F5D00D26CB6 /* Base */; };
		98BF79A42C901F5D00D26CB6 /* ToDoListUITests.swift in Sources */ = {isa = PBXBuildFile; fileRef = 98BF79A32C901F5D00D26CB6 /* ToDoListUITests.swift */; };
		98BF79A62C901F5D00D26CB6 /* ToDoListUITestsLaunchTests.swift in Sources */ = {isa = PBXBuildFile; fileRef = 98BF79A52C901F5D00D26CB6 /* ToDoListUITestsLaunchTests.swift */; };
		98BF79B42C9025A400D26CB6 /* Extentions.swift in Sources */ = {isa = PBXBuildFile; fileRef = 98BF79B32C9025A400D26CB6 /* Extentions.swift */; };
		98BF79BC2C90307D00D26CB6 /* MainScreenSectionModel.swift in Sources */ = {isa = PBXBuildFile; fileRef = 98BF79BB2C90307D00D26CB6 /* MainScreenSectionModel.swift */; };
		98BF79BE2C9030C000D26CB6 /* MainScreenItemModel.swift in Sources */ = {isa = PBXBuildFile; fileRef = 98BF79BD2C9030C000D26CB6 /* MainScreenItemModel.swift */; };
		98BF79C02C9038A800D26CB6 /* MainScreenPresenter.swift in Sources */ = {isa = PBXBuildFile; fileRef = 98BF79BF2C9038A800D26CB6 /* MainScreenPresenter.swift */; };
		98BF79C32C90402200D26CB6 /* MainScreenInteractor.swift in Sources */ = {isa = PBXBuildFile; fileRef = 98BF79C22C90402200D26CB6 /* MainScreenInteractor.swift */; };
		98BF79C52C90406700D26CB6 /* DataManager.swift in Sources */ = {isa = PBXBuildFile; fileRef = 98BF79C42C90406700D26CB6 /* DataManager.swift */; };
		98BF79C82C90457600D26CB6 /* TaskItem+CoreDataClass.swift in Sources */ = {isa = PBXBuildFile; fileRef = 98BF79C62C90457600D26CB6 /* TaskItem+CoreDataClass.swift */; };
		98BF79CB2C9055E200D26CB6 /* MainScreenRouter.swift in Sources */ = {isa = PBXBuildFile; fileRef = 98BF79CA2C9055E200D26CB6 /* MainScreenRouter.swift */; };
		98BF79CD2C906CE400D26CB6 /* ScreenAssembler.swift in Sources */ = {isa = PBXBuildFile; fileRef = 98BF79CC2C906CE400D26CB6 /* ScreenAssembler.swift */; };
		98BF79CF2C9078EC00D26CB6 /* MainScreenCollectionViewCell.swift in Sources */ = {isa = PBXBuildFile; fileRef = 98BF79CE2C9078EC00D26CB6 /* MainScreenCollectionViewCell.swift */; };
/* End PBXBuildFile section */

/* Begin PBXContainerItemProxy section */
		98BF79962C901F5D00D26CB6 /* PBXContainerItemProxy */ = {
			isa = PBXContainerItemProxy;
			containerPortal = 98BF79742C901F5C00D26CB6 /* Project object */;
			proxyType = 1;
			remoteGlobalIDString = 98BF797B2C901F5C00D26CB6;
			remoteInfo = ToDoList;
		};
		98BF79A02C901F5D00D26CB6 /* PBXContainerItemProxy */ = {
			isa = PBXContainerItemProxy;
			containerPortal = 98BF79742C901F5C00D26CB6 /* Project object */;
			proxyType = 1;
			remoteGlobalIDString = 98BF797B2C901F5C00D26CB6;
			remoteInfo = ToDoList;
		};
/* End PBXContainerItemProxy section */

/* Begin PBXFileReference section */
		9821E3C92C98323500E1A8C9 /* MainScreenViewControllerMock.swift */ = {isa = PBXFileReference; lastKnownFileType = sourcecode.swift; path = MainScreenViewControllerMock.swift; sourceTree = "<group>"; };
		9821E3CB2C98342F00E1A8C9 /* MainScreenInteractorMock.swift */ = {isa = PBXFileReference; lastKnownFileType = sourcecode.swift; path = MainScreenInteractorMock.swift; sourceTree = "<group>"; };
		9821E3D02C986B8100E1A8C9 /* MainScreenRouterMock.swift */ = {isa = PBXFileReference; lastKnownFileType = sourcecode.swift; path = MainScreenRouterMock.swift; sourceTree = "<group>"; };
		9821E3D22C987B3700E1A8C9 /* DataManagerMock.swift */ = {isa = PBXFileReference; lastKnownFileType = sourcecode.swift; path = DataManagerMock.swift; sourceTree = "<group>"; };
		9821E3D42C987DA700E1A8C9 /* NetworkManagerMock.swift */ = {isa = PBXFileReference; lastKnownFileType = sourcecode.swift; path = NetworkManagerMock.swift; sourceTree = "<group>"; };
		984F90822C96C7AD00B72D4A /* MainScreenPresenterTests.swift */ = {isa = PBXFileReference; lastKnownFileType = sourcecode.swift; path = MainScreenPresenterTests.swift; sourceTree = "<group>"; };
		984F90842C96C7C200B72D4A /* MainScreenInteractorTests.swift */ = {isa = PBXFileReference; lastKnownFileType = sourcecode.swift; path = MainScreenInteractorTests.swift; sourceTree = "<group>"; };
		984F90862C96CC9100B72D4A /* MainScreenPresenterMock.swift */ = {isa = PBXFileReference; lastKnownFileType = sourcecode.swift; path = MainScreenPresenterMock.swift; sourceTree = "<group>"; };
		984F90882C96F11500B72D4A /* ToastView.swift */ = {isa = PBXFileReference; lastKnownFileType = sourcecode.swift; path = ToastView.swift; sourceTree = "<group>"; };
		989668DA2C91D24500DFD51F /* TaskScreenViewController.swift */ = {isa = PBXFileReference; lastKnownFileType = sourcecode.swift; path = TaskScreenViewController.swift; sourceTree = "<group>"; };
		98AC44A92C94941F00B43070 /* ResponseModel.swift */ = {isa = PBXFileReference; lastKnownFileType = sourcecode.swift; path = ResponseModel.swift; sourceTree = "<group>"; };
		98AC44AB2C94964300B43070 /* ResponseModelMapper.swift */ = {isa = PBXFileReference; lastKnownFileType = sourcecode.swift; path = ResponseModelMapper.swift; sourceTree = "<group>"; };
		98B317002C94627A008205B4 /* Storage.swift */ = {isa = PBXFileReference; lastKnownFileType = sourcecode.swift; path = Storage.swift; sourceTree = "<group>"; };
		98B317072C946738008205B4 /* NetworkManager.swift */ = {isa = PBXFileReference; lastKnownFileType = sourcecode.swift; path = NetworkManager.swift; sourceTree = "<group>"; };
		98BC450F2C988D370060106C /* ResponseModelMapperMock.swift */ = {isa = PBXFileReference; lastKnownFileType = sourcecode.swift; path = ResponseModelMapperMock.swift; sourceTree = "<group>"; };
		98BC45112C98979A0060106C /* TaskScreenPresenterTest.swift */ = {isa = PBXFileReference; lastKnownFileType = sourcecode.swift; path = TaskScreenPresenterTest.swift; sourceTree = "<group>"; };
		98BC45132C9897B00060106C /* TaskScreenViewControllerMock.swift */ = {isa = PBXFileReference; lastKnownFileType = sourcecode.swift; path = TaskScreenViewControllerMock.swift; sourceTree = "<group>"; };
		98BC45152C98982F0060106C /* TaskScreenPresenterOutputMock.swift */ = {isa = PBXFileReference; lastKnownFileType = sourcecode.swift; path = TaskScreenPresenterOutputMock.swift; sourceTree = "<group>"; };
		98BC45172C9898BF0060106C /* TaskScreenInteractorMock.swift */ = {isa = PBXFileReference; lastKnownFileType = sourcecode.swift; path = TaskScreenInteractorMock.swift; sourceTree = "<group>"; };
		98BC45192C98998D0060106C /* TaskScreenRouterMock.swift */ = {isa = PBXFileReference; lastKnownFileType = sourcecode.swift; path = TaskScreenRouterMock.swift; sourceTree = "<group>"; };
		98BC451B2C989D980060106C /* TaskScreenInteractorTest.swift */ = {isa = PBXFileReference; lastKnownFileType = sourcecode.swift; path = TaskScreenInteractorTest.swift; sourceTree = "<group>"; };
		98BD0BE22C9315EB009D3D38 /* TaskScreenPresenter.swift */ = {isa = PBXFileReference; lastKnownFileType = sourcecode.swift; path = TaskScreenPresenter.swift; sourceTree = "<group>"; };
		98BD0BE42C931728009D3D38 /* TaskScreenModel.swift */ = {isa = PBXFileReference; lastKnownFileType = sourcecode.swift; path = TaskScreenModel.swift; sourceTree = "<group>"; };
		98BD0BE62C933102009D3D38 /* Router.swift */ = {isa = PBXFileReference; lastKnownFileType = sourcecode.swift; path = Router.swift; sourceTree = "<group>"; };
		98BD0BE92C933711009D3D38 /* TaskScreenRouter.swift */ = {isa = PBXFileReference; lastKnownFileType = sourcecode.swift; path = TaskScreenRouter.swift; sourceTree = "<group>"; };
		98BD0BEC2C933EB2009D3D38 /* TaskScreenInteractor.swift */ = {isa = PBXFileReference; lastKnownFileType = sourcecode.swift; path = TaskScreenInteractor.swift; sourceTree = "<group>"; };
		98BF797C2C901F5C00D26CB6 /* ToDoList.app */ = {isa = PBXFileReference; explicitFileType = wrapper.application; includeInIndex = 0; path = ToDoList.app; sourceTree = BUILT_PRODUCTS_DIR; };
		98BF797F2C901F5C00D26CB6 /* AppDelegate.swift */ = {isa = PBXFileReference; lastKnownFileType = sourcecode.swift; path = AppDelegate.swift; sourceTree = "<group>"; };
		98BF79812C901F5C00D26CB6 /* SceneDelegate.swift */ = {isa = PBXFileReference; lastKnownFileType = sourcecode.swift; path = SceneDelegate.swift; sourceTree = "<group>"; };
		98BF79832C901F5C00D26CB6 /* MainScreenViewController.swift */ = {isa = PBXFileReference; lastKnownFileType = sourcecode.swift; path = MainScreenViewController.swift; sourceTree = "<group>"; };
		98BF79892C901F5C00D26CB6 /* ToDoList.xcdatamodel */ = {isa = PBXFileReference; lastKnownFileType = wrapper.xcdatamodel; path = ToDoList.xcdatamodel; sourceTree = "<group>"; };
		98BF798B2C901F5D00D26CB6 /* Assets.xcassets */ = {isa = PBXFileReference; lastKnownFileType = folder.assetcatalog; path = Assets.xcassets; sourceTree = "<group>"; };
		98BF798E2C901F5D00D26CB6 /* Base */ = {isa = PBXFileReference; lastKnownFileType = file.storyboard; name = Base; path = Base.lproj/LaunchScreen.storyboard; sourceTree = "<group>"; };
		98BF79902C901F5D00D26CB6 /* Info.plist */ = {isa = PBXFileReference; lastKnownFileType = text.plist.xml; path = Info.plist; sourceTree = "<group>"; };
		98BF79952C901F5D00D26CB6 /* ToDoListTests.xctest */ = {isa = PBXFileReference; explicitFileType = wrapper.cfbundle; includeInIndex = 0; path = ToDoListTests.xctest; sourceTree = BUILT_PRODUCTS_DIR; };
		98BF799F2C901F5D00D26CB6 /* ToDoListUITests.xctest */ = {isa = PBXFileReference; explicitFileType = wrapper.cfbundle; includeInIndex = 0; path = ToDoListUITests.xctest; sourceTree = BUILT_PRODUCTS_DIR; };
		98BF79A32C901F5D00D26CB6 /* ToDoListUITests.swift */ = {isa = PBXFileReference; lastKnownFileType = sourcecode.swift; path = ToDoListUITests.swift; sourceTree = "<group>"; };
		98BF79A52C901F5D00D26CB6 /* ToDoListUITestsLaunchTests.swift */ = {isa = PBXFileReference; lastKnownFileType = sourcecode.swift; path = ToDoListUITestsLaunchTests.swift; sourceTree = "<group>"; };
		98BF79B32C9025A400D26CB6 /* Extentions.swift */ = {isa = PBXFileReference; lastKnownFileType = sourcecode.swift; path = Extentions.swift; sourceTree = "<group>"; };
		98BF79BB2C90307D00D26CB6 /* MainScreenSectionModel.swift */ = {isa = PBXFileReference; lastKnownFileType = sourcecode.swift; path = MainScreenSectionModel.swift; sourceTree = "<group>"; };
		98BF79BD2C9030C000D26CB6 /* MainScreenItemModel.swift */ = {isa = PBXFileReference; lastKnownFileType = sourcecode.swift; path = MainScreenItemModel.swift; sourceTree = "<group>"; };
		98BF79BF2C9038A800D26CB6 /* MainScreenPresenter.swift */ = {isa = PBXFileReference; lastKnownFileType = sourcecode.swift; path = MainScreenPresenter.swift; sourceTree = "<group>"; };
		98BF79C22C90402200D26CB6 /* MainScreenInteractor.swift */ = {isa = PBXFileReference; lastKnownFileType = sourcecode.swift; path = MainScreenInteractor.swift; sourceTree = "<group>"; };
		98BF79C42C90406700D26CB6 /* DataManager.swift */ = {isa = PBXFileReference; lastKnownFileType = sourcecode.swift; path = DataManager.swift; sourceTree = "<group>"; };
		98BF79C62C90457600D26CB6 /* TaskItem+CoreDataClass.swift */ = {isa = PBXFileReference; lastKnownFileType = sourcecode.swift; path = "TaskItem+CoreDataClass.swift"; sourceTree = SOURCE_ROOT; };
		98BF79CA2C9055E200D26CB6 /* MainScreenRouter.swift */ = {isa = PBXFileReference; lastKnownFileType = sourcecode.swift; path = MainScreenRouter.swift; sourceTree = "<group>"; };
		98BF79CC2C906CE400D26CB6 /* ScreenAssembler.swift */ = {isa = PBXFileReference; lastKnownFileType = sourcecode.swift; path = ScreenAssembler.swift; sourceTree = "<group>"; };
		98BF79CE2C9078EC00D26CB6 /* MainScreenCollectionViewCell.swift */ = {isa = PBXFileReference; lastKnownFileType = sourcecode.swift; path = MainScreenCollectionViewCell.swift; sourceTree = "<group>"; };
/* End PBXFileReference section */

/* Begin PBXFrameworksBuildPhase section */
		98BF79792C901F5C00D26CB6 /* Frameworks */ = {
			isa = PBXFrameworksBuildPhase;
			buildActionMask = 2147483647;
			files = (
				98B317042C946673008205B4 /* Alamofire in Frameworks */,
			);
			runOnlyForDeploymentPostprocessing = 0;
		};
		98BF79922C901F5D00D26CB6 /* Frameworks */ = {
			isa = PBXFrameworksBuildPhase;
			buildActionMask = 2147483647;
			files = (
			);
			runOnlyForDeploymentPostprocessing = 0;
		};
		98BF799C2C901F5D00D26CB6 /* Frameworks */ = {
			isa = PBXFrameworksBuildPhase;
			buildActionMask = 2147483647;
			files = (
			);
			runOnlyForDeploymentPostprocessing = 0;
		};
/* End PBXFrameworksBuildPhase section */

/* Begin PBXGroup section */
		984F907F2C96C6E100B72D4A /* Mocks */ = {
			isa = PBXGroup;
			children = (
				984F90862C96CC9100B72D4A /* MainScreenPresenterMock.swift */,
				9821E3C92C98323500E1A8C9 /* MainScreenViewControllerMock.swift */,
				9821E3CB2C98342F00E1A8C9 /* MainScreenInteractorMock.swift */,
				98BC45132C9897B00060106C /* TaskScreenViewControllerMock.swift */,
				9821E3D22C987B3700E1A8C9 /* DataManagerMock.swift */,
				98BC45172C9898BF0060106C /* TaskScreenInteractorMock.swift */,
				98BC45152C98982F0060106C /* TaskScreenPresenterOutputMock.swift */,
				9821E3D02C986B8100E1A8C9 /* MainScreenRouterMock.swift */,
				98BC45192C98998D0060106C /* TaskScreenRouterMock.swift */,
				9821E3D42C987DA700E1A8C9 /* NetworkManagerMock.swift */,
				98BC450F2C988D370060106C /* ResponseModelMapperMock.swift */,
			);
			path = Mocks;
			sourceTree = "<group>";
		};
		989668D52C91D18100DFD51F /* TaskScreen */ = {
			isa = PBXGroup;
			children = (
				98BD0BE82C9336FD009D3D38 /* Router */,
				989668D92C91D19F00DFD51F /* Interactor */,
				989668D82C91D19900DFD51F /* Presenter */,
				989668D72C91D19400DFD51F /* Model */,
				989668D62C91D18F00DFD51F /* View */,
			);
			path = TaskScreen;
			sourceTree = "<group>";
		};
		989668D62C91D18F00DFD51F /* View */ = {
			isa = PBXGroup;
			children = (
				989668DA2C91D24500DFD51F /* TaskScreenViewController.swift */,
			);
			path = View;
			sourceTree = "<group>";
		};
		989668D72C91D19400DFD51F /* Model */ = {
			isa = PBXGroup;
			children = (
				98BD0BE42C931728009D3D38 /* TaskScreenModel.swift */,
			);
			path = Model;
			sourceTree = "<group>";
		};
		989668D82C91D19900DFD51F /* Presenter */ = {
			isa = PBXGroup;
			children = (
				98BD0BE22C9315EB009D3D38 /* TaskScreenPresenter.swift */,
			);
			path = Presenter;
			sourceTree = "<group>";
		};
		989668D92C91D19F00DFD51F /* Interactor */ = {
			isa = PBXGroup;
			children = (
				98BD0BEC2C933EB2009D3D38 /* TaskScreenInteractor.swift */,
			);
			path = Interactor;
			sourceTree = "<group>";
		};
		98B317052C946708008205B4 /* Core */ = {
			isa = PBXGroup;
			children = (
				98BF797F2C901F5C00D26CB6 /* AppDelegate.swift */,
				98BD0BE62C933102009D3D38 /* Router.swift */,
				98B317002C94627A008205B4 /* Storage.swift */,
				98BF79812C901F5C00D26CB6 /* SceneDelegate.swift */,
				98BF79CC2C906CE400D26CB6 /* ScreenAssembler.swift */,
			);
			path = Core;
			sourceTree = "<group>";
		};
		98B317062C946726008205B4 /* Network */ = {
			isa = PBXGroup;
			children = (
				98B317072C946738008205B4 /* NetworkManager.swift */,
				98AC44A92C94941F00B43070 /* ResponseModel.swift */,
				98AC44AB2C94964300B43070 /* ResponseModelMapper.swift */,
			);
			path = Network;
			sourceTree = "<group>";
		};
		98BD0BE82C9336FD009D3D38 /* Router */ = {
			isa = PBXGroup;
			children = (
				98BD0BE92C933711009D3D38 /* TaskScreenRouter.swift */,
			);
			path = Router;
			sourceTree = "<group>";
		};
		98BF79732C901F5C00D26CB6 = {
			isa = PBXGroup;
			children = (
				98BF797E2C901F5C00D26CB6 /* ToDoList */,
				98BF79982C901F5D00D26CB6 /* ToDoListTests */,
				98BF79A22C901F5D00D26CB6 /* ToDoListUITests */,
				98BF797D2C901F5C00D26CB6 /* Products */,
			);
			sourceTree = "<group>";
		};
		98BF797D2C901F5C00D26CB6 /* Products */ = {
			isa = PBXGroup;
			children = (
				98BF797C2C901F5C00D26CB6 /* ToDoList.app */,
				98BF79952C901F5D00D26CB6 /* ToDoListTests.xctest */,
				98BF799F2C901F5D00D26CB6 /* ToDoListUITests.xctest */,
			);
			name = Products;
			sourceTree = "<group>";
		};
		98BF797E2C901F5C00D26CB6 /* ToDoList */ = {
			isa = PBXGroup;
			children = (
				98B317062C946726008205B4 /* Network */,
				98BF79C12C9039FC00D26CB6 /* Persistent */,
				98B317052C946708008205B4 /* Core */,
				98BF79B22C90258200D26CB6 /* Common */,
				989668D52C91D18100DFD51F /* TaskScreen */,
				98BF79B52C90301A00D26CB6 /* MainScreen */,
				98BF798B2C901F5D00D26CB6 /* Assets.xcassets */,
				98BF798D2C901F5D00D26CB6 /* LaunchScreen.storyboard */,
				98BF79902C901F5D00D26CB6 /* Info.plist */,
				98BF79882C901F5C00D26CB6 /* ToDoList.xcdatamodeld */,
			);
			path = ToDoList;
			sourceTree = "<group>";
		};
		98BF79982C901F5D00D26CB6 /* ToDoListTests */ = {
			isa = PBXGroup;
			children = (
				984F907F2C96C6E100B72D4A /* Mocks */,
				984F90842C96C7C200B72D4A /* MainScreenInteractorTests.swift */,
				984F90822C96C7AD00B72D4A /* MainScreenPresenterTests.swift */,
				98BC45112C98979A0060106C /* TaskScreenPresenterTest.swift */,
				98BC451B2C989D980060106C /* TaskScreenInteractorTest.swift */,
			);
			path = ToDoListTests;
			sourceTree = "<group>";
		};
		98BF79A22C901F5D00D26CB6 /* ToDoListUITests */ = {
			isa = PBXGroup;
			children = (
				98BF79A32C901F5D00D26CB6 /* ToDoListUITests.swift */,
				98BF79A52C901F5D00D26CB6 /* ToDoListUITestsLaunchTests.swift */,
			);
			path = ToDoListUITests;
			sourceTree = "<group>";
		};
		98BF79B22C90258200D26CB6 /* Common */ = {
			isa = PBXGroup;
			children = (
				98BF79B32C9025A400D26CB6 /* Extentions.swift */,
			);
			path = Common;
			sourceTree = "<group>";
		};
		98BF79B52C90301A00D26CB6 /* MainScreen */ = {
			isa = PBXGroup;
			children = (
				98BF79BA2C90305600D26CB6 /* Router */,
				98BF79B92C90304100D26CB6 /* Model */,
				98BF79B82C90303900D26CB6 /* Presenter */,
				98BF79B72C90302C00D26CB6 /* Inrteractor */,
				98BF79B62C90302600D26CB6 /* View */,
			);
			path = MainScreen;
			sourceTree = "<group>";
		};
		98BF79B62C90302600D26CB6 /* View */ = {
			isa = PBXGroup;
			children = (
				98BF79832C901F5C00D26CB6 /* MainScreenViewController.swift */,
				984F90882C96F11500B72D4A /* ToastView.swift */,
				98BF79CE2C9078EC00D26CB6 /* MainScreenCollectionViewCell.swift */,
			);
			path = View;
			sourceTree = "<group>";
		};
		98BF79B72C90302C00D26CB6 /* Inrteractor */ = {
			isa = PBXGroup;
			children = (
				98BF79C22C90402200D26CB6 /* MainScreenInteractor.swift */,
			);
			path = Inrteractor;
			sourceTree = "<group>";
		};
		98BF79B82C90303900D26CB6 /* Presenter */ = {
			isa = PBXGroup;
			children = (
				98BF79BF2C9038A800D26CB6 /* MainScreenPresenter.swift */,
			);
			path = Presenter;
			sourceTree = "<group>";
		};
		98BF79B92C90304100D26CB6 /* Model */ = {
			isa = PBXGroup;
			children = (
				98BF79BB2C90307D00D26CB6 /* MainScreenSectionModel.swift */,
				98BF79BD2C9030C000D26CB6 /* MainScreenItemModel.swift */,
			);
			path = Model;
			sourceTree = "<group>";
		};
		98BF79BA2C90305600D26CB6 /* Router */ = {
			isa = PBXGroup;
			children = (
				98BF79CA2C9055E200D26CB6 /* MainScreenRouter.swift */,
			);
			path = Router;
			sourceTree = "<group>";
		};
		98BF79C12C9039FC00D26CB6 /* Persistent */ = {
			isa = PBXGroup;
			children = (
				98BF79C62C90457600D26CB6 /* TaskItem+CoreDataClass.swift */,
				98BF79C42C90406700D26CB6 /* DataManager.swift */,
			);
			path = Persistent;
			sourceTree = "<group>";
		};
/* End PBXGroup section */

/* Begin PBXNativeTarget section */
		98BF797B2C901F5C00D26CB6 /* ToDoList */ = {
			isa = PBXNativeTarget;
			buildConfigurationList = 98BF79A92C901F5D00D26CB6 /* Build configuration list for PBXNativeTarget "ToDoList" */;
			buildPhases = (
				98BF79782C901F5C00D26CB6 /* Sources */,
				98BF79792C901F5C00D26CB6 /* Frameworks */,
				98BF797A2C901F5C00D26CB6 /* Resources */,
			);
			buildRules = (
			);
			dependencies = (
			);
			name = ToDoList;
			packageProductDependencies = (
				98B317032C946673008205B4 /* Alamofire */,
			);
			productName = ToDoList;
			productReference = 98BF797C2C901F5C00D26CB6 /* ToDoList.app */;
			productType = "com.apple.product-type.application";
		};
		98BF79942C901F5D00D26CB6 /* ToDoListTests */ = {
			isa = PBXNativeTarget;
			buildConfigurationList = 98BF79AC2C901F5D00D26CB6 /* Build configuration list for PBXNativeTarget "ToDoListTests" */;
			buildPhases = (
				98BF79912C901F5D00D26CB6 /* Sources */,
				98BF79922C901F5D00D26CB6 /* Frameworks */,
				98BF79932C901F5D00D26CB6 /* Resources */,
			);
			buildRules = (
			);
			dependencies = (
				98BF79972C901F5D00D26CB6 /* PBXTargetDependency */,
			);
			name = ToDoListTests;
			productName = ToDoListTests;
			productReference = 98BF79952C901F5D00D26CB6 /* ToDoListTests.xctest */;
			productType = "com.apple.product-type.bundle.unit-test";
		};
		98BF799E2C901F5D00D26CB6 /* ToDoListUITests */ = {
			isa = PBXNativeTarget;
			buildConfigurationList = 98BF79AF2C901F5D00D26CB6 /* Build configuration list for PBXNativeTarget "ToDoListUITests" */;
			buildPhases = (
				98BF799B2C901F5D00D26CB6 /* Sources */,
				98BF799C2C901F5D00D26CB6 /* Frameworks */,
				98BF799D2C901F5D00D26CB6 /* Resources */,
			);
			buildRules = (
			);
			dependencies = (
				98BF79A12C901F5D00D26CB6 /* PBXTargetDependency */,
			);
			name = ToDoListUITests;
			productName = ToDoListUITests;
			productReference = 98BF799F2C901F5D00D26CB6 /* ToDoListUITests.xctest */;
			productType = "com.apple.product-type.bundle.ui-testing";
		};
/* End PBXNativeTarget section */

/* Begin PBXProject section */
		98BF79742C901F5C00D26CB6 /* Project object */ = {
			isa = PBXProject;
			attributes = {
				BuildIndependentTargetsInParallel = 1;
				LastSwiftUpdateCheck = 1540;
				LastUpgradeCheck = 1540;
				TargetAttributes = {
					98BF797B2C901F5C00D26CB6 = {
						CreatedOnToolsVersion = 15.4;
					};
					98BF79942C901F5D00D26CB6 = {
						CreatedOnToolsVersion = 15.4;
						TestTargetID = 98BF797B2C901F5C00D26CB6;
					};
					98BF799E2C901F5D00D26CB6 = {
						CreatedOnToolsVersion = 15.4;
						TestTargetID = 98BF797B2C901F5C00D26CB6;
					};
				};
			};
			buildConfigurationList = 98BF79772C901F5C00D26CB6 /* Build configuration list for PBXProject "ToDoList" */;
			compatibilityVersion = "Xcode 14.0";
			developmentRegion = en;
			hasScannedForEncodings = 0;
			knownRegions = (
				en,
				Base,
			);
			mainGroup = 98BF79732C901F5C00D26CB6;
			packageReferences = (
				98B317022C946673008205B4 /* XCRemoteSwiftPackageReference "Alamofire" */,
			);
			productRefGroup = 98BF797D2C901F5C00D26CB6 /* Products */;
			projectDirPath = "";
			projectRoot = "";
			targets = (
				98BF797B2C901F5C00D26CB6 /* ToDoList */,
				98BF79942C901F5D00D26CB6 /* ToDoListTests */,
				98BF799E2C901F5D00D26CB6 /* ToDoListUITests */,
			);
		};
/* End PBXProject section */

/* Begin PBXResourcesBuildPhase section */
		98BF797A2C901F5C00D26CB6 /* Resources */ = {
			isa = PBXResourcesBuildPhase;
			buildActionMask = 2147483647;
			files = (
				98BF798C2C901F5D00D26CB6 /* Assets.xcassets in Resources */,
				98BF798F2C901F5D00D26CB6 /* Base in Resources */,
			);
			runOnlyForDeploymentPostprocessing = 0;
		};
		98BF79932C901F5D00D26CB6 /* Resources */ = {
			isa = PBXResourcesBuildPhase;
			buildActionMask = 2147483647;
			files = (
			);
			runOnlyForDeploymentPostprocessing = 0;
		};
		98BF799D2C901F5D00D26CB6 /* Resources */ = {
			isa = PBXResourcesBuildPhase;
			buildActionMask = 2147483647;
			files = (
			);
			runOnlyForDeploymentPostprocessing = 0;
		};
/* End PBXResourcesBuildPhase section */

/* Begin PBXSourcesBuildPhase section */
		98BF79782C901F5C00D26CB6 /* Sources */ = {
			isa = PBXSourcesBuildPhase;
			buildActionMask = 2147483647;
			files = (
				98BF79C82C90457600D26CB6 /* TaskItem+CoreDataClass.swift in Sources */,
				98AC44AC2C94964300B43070 /* ResponseModelMapper.swift in Sources */,
				98BF79BC2C90307D00D26CB6 /* MainScreenSectionModel.swift in Sources */,
				98BD0BEA2C933711009D3D38 /* TaskScreenRouter.swift in Sources */,
				98BD0BED2C933EB2009D3D38 /* TaskScreenInteractor.swift in Sources */,
				98B317082C946738008205B4 /* NetworkManager.swift in Sources */,
				98BF79C52C90406700D26CB6 /* DataManager.swift in Sources */,
				98BF79CB2C9055E200D26CB6 /* MainScreenRouter.swift in Sources */,
				98BD0BE72C933102009D3D38 /* Router.swift in Sources */,
				98BF79C02C9038A800D26CB6 /* MainScreenPresenter.swift in Sources */,
				98B317012C94627A008205B4 /* Storage.swift in Sources */,
				98BF79842C901F5C00D26CB6 /* MainScreenViewController.swift in Sources */,
				98BF79802C901F5C00D26CB6 /* AppDelegate.swift in Sources */,
				98BF79B42C9025A400D26CB6 /* Extentions.swift in Sources */,
				984F90892C96F11500B72D4A /* ToastView.swift in Sources */,
				98BD0BE52C931728009D3D38 /* TaskScreenModel.swift in Sources */,
				98AC44AA2C94941F00B43070 /* ResponseModel.swift in Sources */,
				989668DB2C91D24500DFD51F /* TaskScreenViewController.swift in Sources */,
				98BF79BE2C9030C000D26CB6 /* MainScreenItemModel.swift in Sources */,
				98BF79822C901F5C00D26CB6 /* SceneDelegate.swift in Sources */,
				98BF798A2C901F5C00D26CB6 /* ToDoList.xcdatamodeld in Sources */,
				98BF79CF2C9078EC00D26CB6 /* MainScreenCollectionViewCell.swift in Sources */,
				98BF79CD2C906CE400D26CB6 /* ScreenAssembler.swift in Sources */,
				98BF79C32C90402200D26CB6 /* MainScreenInteractor.swift in Sources */,
				98BD0BE32C9315EB009D3D38 /* TaskScreenPresenter.swift in Sources */,
			);
			runOnlyForDeploymentPostprocessing = 0;
		};
		98BF79912C901F5D00D26CB6 /* Sources */ = {
			isa = PBXSourcesBuildPhase;
			buildActionMask = 2147483647;
			files = (
				98BC45102C988D370060106C /* ResponseModelMapperMock.swift in Sources */,
				984F90832C96C7AD00B72D4A /* MainScreenPresenterTests.swift in Sources */,
				98BC451C2C989D980060106C /* TaskScreenInteractorTest.swift in Sources */,
				9821E3CC2C98342F00E1A8C9 /* MainScreenInteractorMock.swift in Sources */,
				98BC45182C9898BF0060106C /* TaskScreenInteractorMock.swift in Sources */,
				9821E3D52C987DA700E1A8C9 /* NetworkManagerMock.swift in Sources */,
				98BC451A2C98998D0060106C /* TaskScreenRouterMock.swift in Sources */,
				98BC45162C98982F0060106C /* TaskScreenPresenterOutputMock.swift in Sources */,
				984F90852C96C7C200B72D4A /* MainScreenInteractorTests.swift in Sources */,
				9821E3D12C986B8100E1A8C9 /* MainScreenRouterMock.swift in Sources */,
				9821E3D32C987B3700E1A8C9 /* DataManagerMock.swift in Sources */,
				984F90872C96CC9100B72D4A /* MainScreenPresenterMock.swift in Sources */,
				9821E3CA2C98323500E1A8C9 /* MainScreenViewControllerMock.swift in Sources */,
				98BC45142C9897B00060106C /* TaskScreenViewControllerMock.swift in Sources */,
				98BC45122C98979A0060106C /* TaskScreenPresenterTest.swift in Sources */,
			);
			runOnlyForDeploymentPostprocessing = 0;
		};
		98BF799B2C901F5D00D26CB6 /* Sources */ = {
			isa = PBXSourcesBuildPhase;
			buildActionMask = 2147483647;
			files = (
				98BF79A62C901F5D00D26CB6 /* ToDoListUITestsLaunchTests.swift in Sources */,
				98BF79A42C901F5D00D26CB6 /* ToDoListUITests.swift in Sources */,
			);
			runOnlyForDeploymentPostprocessing = 0;
		};
/* End PBXSourcesBuildPhase section */

/* Begin PBXTargetDependency section */
		98BF79972C901F5D00D26CB6 /* PBXTargetDependency */ = {
			isa = PBXTargetDependency;
			target = 98BF797B2C901F5C00D26CB6 /* ToDoList */;
			targetProxy = 98BF79962C901F5D00D26CB6 /* PBXContainerItemProxy */;
		};
		98BF79A12C901F5D00D26CB6 /* PBXTargetDependency */ = {
			isa = PBXTargetDependency;
			target = 98BF797B2C901F5C00D26CB6 /* ToDoList */;
			targetProxy = 98BF79A02C901F5D00D26CB6 /* PBXContainerItemProxy */;
		};
/* End PBXTargetDependency section */

/* Begin PBXVariantGroup section */
		98BF798D2C901F5D00D26CB6 /* LaunchScreen.storyboard */ = {
			isa = PBXVariantGroup;
			children = (
				98BF798E2C901F5D00D26CB6 /* Base */,
			);
			name = LaunchScreen.storyboard;
			sourceTree = "<group>";
		};
/* End PBXVariantGroup section */

/* Begin XCBuildConfiguration section */
		98BF79A72C901F5D00D26CB6 /* Debug */ = {
			isa = XCBuildConfiguration;
			buildSettings = {
				ALWAYS_SEARCH_USER_PATHS = NO;
				ASSETCATALOG_COMPILER_GENERATE_SWIFT_ASSET_SYMBOL_EXTENSIONS = YES;
				CLANG_ANALYZER_NONNULL = YES;
				CLANG_ANALYZER_NUMBER_OBJECT_CONVERSION = YES_AGGRESSIVE;
				CLANG_CXX_LANGUAGE_STANDARD = "gnu++20";
				CLANG_ENABLE_MODULES = YES;
				CLANG_ENABLE_OBJC_ARC = YES;
				CLANG_ENABLE_OBJC_WEAK = YES;
				CLANG_WARN_BLOCK_CAPTURE_AUTORELEASING = YES;
				CLANG_WARN_BOOL_CONVERSION = YES;
				CLANG_WARN_COMMA = YES;
				CLANG_WARN_CONSTANT_CONVERSION = YES;
				CLANG_WARN_DEPRECATED_OBJC_IMPLEMENTATIONS = YES;
				CLANG_WARN_DIRECT_OBJC_ISA_USAGE = YES_ERROR;
				CLANG_WARN_DOCUMENTATION_COMMENTS = YES;
				CLANG_WARN_EMPTY_BODY = YES;
				CLANG_WARN_ENUM_CONVERSION = YES;
				CLANG_WARN_INFINITE_RECURSION = YES;
				CLANG_WARN_INT_CONVERSION = YES;
				CLANG_WARN_NON_LITERAL_NULL_CONVERSION = YES;
				CLANG_WARN_OBJC_IMPLICIT_RETAIN_SELF = YES;
				CLANG_WARN_OBJC_LITERAL_CONVERSION = YES;
				CLANG_WARN_OBJC_ROOT_CLASS = YES_ERROR;
				CLANG_WARN_QUOTED_INCLUDE_IN_FRAMEWORK_HEADER = YES;
				CLANG_WARN_RANGE_LOOP_ANALYSIS = YES;
				CLANG_WARN_STRICT_PROTOTYPES = YES;
				CLANG_WARN_SUSPICIOUS_MOVE = YES;
				CLANG_WARN_UNGUARDED_AVAILABILITY = YES_AGGRESSIVE;
				CLANG_WARN_UNREACHABLE_CODE = YES;
				CLANG_WARN__DUPLICATE_METHOD_MATCH = YES;
				COPY_PHASE_STRIP = NO;
				DEBUG_INFORMATION_FORMAT = dwarf;
				ENABLE_STRICT_OBJC_MSGSEND = YES;
				ENABLE_TESTABILITY = YES;
				ENABLE_USER_SCRIPT_SANDBOXING = YES;
				GCC_C_LANGUAGE_STANDARD = gnu17;
				GCC_DYNAMIC_NO_PIC = NO;
				GCC_NO_COMMON_BLOCKS = YES;
				GCC_OPTIMIZATION_LEVEL = 0;
				GCC_PREPROCESSOR_DEFINITIONS = (
					"DEBUG=1",
					"$(inherited)",
				);
				GCC_WARN_64_TO_32_BIT_CONVERSION = YES;
				GCC_WARN_ABOUT_RETURN_TYPE = YES_ERROR;
				GCC_WARN_UNDECLARED_SELECTOR = YES;
				GCC_WARN_UNINITIALIZED_AUTOS = YES_AGGRESSIVE;
				GCC_WARN_UNUSED_FUNCTION = YES;
				GCC_WARN_UNUSED_VARIABLE = YES;
				IPHONEOS_DEPLOYMENT_TARGET = 17.5;
				LOCALIZATION_PREFERS_STRING_CATALOGS = YES;
				MTL_ENABLE_DEBUG_INFO = INCLUDE_SOURCE;
				MTL_FAST_MATH = YES;
				ONLY_ACTIVE_ARCH = YES;
				SDKROOT = iphoneos;
				SWIFT_ACTIVE_COMPILATION_CONDITIONS = "DEBUG $(inherited)";
				SWIFT_OPTIMIZATION_LEVEL = "-Onone";
			};
			name = Debug;
		};
		98BF79A82C901F5D00D26CB6 /* Release */ = {
			isa = XCBuildConfiguration;
			buildSettings = {
				ALWAYS_SEARCH_USER_PATHS = NO;
				ASSETCATALOG_COMPILER_GENERATE_SWIFT_ASSET_SYMBOL_EXTENSIONS = YES;
				CLANG_ANALYZER_NONNULL = YES;
				CLANG_ANALYZER_NUMBER_OBJECT_CONVERSION = YES_AGGRESSIVE;
				CLANG_CXX_LANGUAGE_STANDARD = "gnu++20";
				CLANG_ENABLE_MODULES = YES;
				CLANG_ENABLE_OBJC_ARC = YES;
				CLANG_ENABLE_OBJC_WEAK = YES;
				CLANG_WARN_BLOCK_CAPTURE_AUTORELEASING = YES;
				CLANG_WARN_BOOL_CONVERSION = YES;
				CLANG_WARN_COMMA = YES;
				CLANG_WARN_CONSTANT_CONVERSION = YES;
				CLANG_WARN_DEPRECATED_OBJC_IMPLEMENTATIONS = YES;
				CLANG_WARN_DIRECT_OBJC_ISA_USAGE = YES_ERROR;
				CLANG_WARN_DOCUMENTATION_COMMENTS = YES;
				CLANG_WARN_EMPTY_BODY = YES;
				CLANG_WARN_ENUM_CONVERSION = YES;
				CLANG_WARN_INFINITE_RECURSION = YES;
				CLANG_WARN_INT_CONVERSION = YES;
				CLANG_WARN_NON_LITERAL_NULL_CONVERSION = YES;
				CLANG_WARN_OBJC_IMPLICIT_RETAIN_SELF = YES;
				CLANG_WARN_OBJC_LITERAL_CONVERSION = YES;
				CLANG_WARN_OBJC_ROOT_CLASS = YES_ERROR;
				CLANG_WARN_QUOTED_INCLUDE_IN_FRAMEWORK_HEADER = YES;
				CLANG_WARN_RANGE_LOOP_ANALYSIS = YES;
				CLANG_WARN_STRICT_PROTOTYPES = YES;
				CLANG_WARN_SUSPICIOUS_MOVE = YES;
				CLANG_WARN_UNGUARDED_AVAILABILITY = YES_AGGRESSIVE;
				CLANG_WARN_UNREACHABLE_CODE = YES;
				CLANG_WARN__DUPLICATE_METHOD_MATCH = YES;
				COPY_PHASE_STRIP = NO;
				DEBUG_INFORMATION_FORMAT = "dwarf-with-dsym";
				ENABLE_NS_ASSERTIONS = NO;
				ENABLE_STRICT_OBJC_MSGSEND = YES;
				ENABLE_USER_SCRIPT_SANDBOXING = YES;
				GCC_C_LANGUAGE_STANDARD = gnu17;
				GCC_NO_COMMON_BLOCKS = YES;
				GCC_WARN_64_TO_32_BIT_CONVERSION = YES;
				GCC_WARN_ABOUT_RETURN_TYPE = YES_ERROR;
				GCC_WARN_UNDECLARED_SELECTOR = YES;
				GCC_WARN_UNINITIALIZED_AUTOS = YES_AGGRESSIVE;
				GCC_WARN_UNUSED_FUNCTION = YES;
				GCC_WARN_UNUSED_VARIABLE = YES;
				IPHONEOS_DEPLOYMENT_TARGET = 17.5;
				LOCALIZATION_PREFERS_STRING_CATALOGS = YES;
				MTL_ENABLE_DEBUG_INFO = NO;
				MTL_FAST_MATH = YES;
				SDKROOT = iphoneos;
				SWIFT_COMPILATION_MODE = wholemodule;
				VALIDATE_PRODUCT = YES;
			};
			name = Release;
		};
		98BF79AA2C901F5D00D26CB6 /* Debug */ = {
			isa = XCBuildConfiguration;
			buildSettings = {
				ASSETCATALOG_COMPILER_APPICON_NAME = AppIcon;
				ASSETCATALOG_COMPILER_GLOBAL_ACCENT_COLOR_NAME = AccentColor;
				CODE_SIGN_STYLE = Automatic;
				CURRENT_PROJECT_VERSION = 1;
				GENERATE_INFOPLIST_FILE = YES;
				INFOPLIST_FILE = ToDoList/Info.plist;
				INFOPLIST_KEY_UIApplicationSupportsIndirectInputEvents = YES;
				INFOPLIST_KEY_UILaunchStoryboardName = LaunchScreen;
				INFOPLIST_KEY_UISupportedInterfaceOrientations_iPad = "UIInterfaceOrientationPortrait UIInterfaceOrientationPortraitUpsideDown UIInterfaceOrientationLandscapeLeft UIInterfaceOrientationLandscapeRight";
				INFOPLIST_KEY_UISupportedInterfaceOrientations_iPhone = "UIInterfaceOrientationPortrait UIInterfaceOrientationLandscapeLeft UIInterfaceOrientationLandscapeRight";
				LD_RUNPATH_SEARCH_PATHS = (
					"$(inherited)",
					"@executable_path/Frameworks",
				);
				MARKETING_VERSION = 1.0;
				PRODUCT_BUNDLE_IDENTIFIER = my.ToDoList;
				PRODUCT_NAME = "$(TARGET_NAME)";
				SWIFT_EMIT_LOC_STRINGS = YES;
				SWIFT_VERSION = 5.0;
				TARGETED_DEVICE_FAMILY = "1,2";
			};
			name = Debug;
		};
		98BF79AB2C901F5D00D26CB6 /* Release */ = {
			isa = XCBuildConfiguration;
			buildSettings = {
				ASSETCATALOG_COMPILER_APPICON_NAME = AppIcon;
				ASSETCATALOG_COMPILER_GLOBAL_ACCENT_COLOR_NAME = AccentColor;
				CODE_SIGN_STYLE = Automatic;
				CURRENT_PROJECT_VERSION = 1;
				GENERATE_INFOPLIST_FILE = YES;
				INFOPLIST_FILE = ToDoList/Info.plist;
				INFOPLIST_KEY_UIApplicationSupportsIndirectInputEvents = YES;
				INFOPLIST_KEY_UILaunchStoryboardName = LaunchScreen;
				INFOPLIST_KEY_UISupportedInterfaceOrientations_iPad = "UIInterfaceOrientationPortrait UIInterfaceOrientationPortraitUpsideDown UIInterfaceOrientationLandscapeLeft UIInterfaceOrientationLandscapeRight";
				INFOPLIST_KEY_UISupportedInterfaceOrientations_iPhone = "UIInterfaceOrientationPortrait UIInterfaceOrientationLandscapeLeft UIInterfaceOrientationLandscapeRight";
				LD_RUNPATH_SEARCH_PATHS = (
					"$(inherited)",
					"@executable_path/Frameworks",
				);
				MARKETING_VERSION = 1.0;
				PRODUCT_BUNDLE_IDENTIFIER = my.ToDoList;
				PRODUCT_NAME = "$(TARGET_NAME)";
				SWIFT_EMIT_LOC_STRINGS = YES;
				SWIFT_VERSION = 5.0;
				TARGETED_DEVICE_FAMILY = "1,2";
			};
			name = Release;
		};
		98BF79AD2C901F5D00D26CB6 /* Debug */ = {
			isa = XCBuildConfiguration;
			buildSettings = {
				ALWAYS_EMBED_SWIFT_STANDARD_LIBRARIES = YES;
				BUNDLE_LOADER = "$(TEST_HOST)";
				CODE_SIGN_STYLE = Automatic;
				CURRENT_PROJECT_VERSION = 1;
				GENERATE_INFOPLIST_FILE = YES;
				IPHONEOS_DEPLOYMENT_TARGET = 17.5;
				MARKETING_VERSION = 1.0;
				PRODUCT_BUNDLE_IDENTIFIER = my.ToDoListTests;
				PRODUCT_NAME = "$(TARGET_NAME)";
				SWIFT_EMIT_LOC_STRINGS = NO;
				SWIFT_VERSION = 5.0;
				TARGETED_DEVICE_FAMILY = "1,2";
				TEST_HOST = "$(BUILT_PRODUCTS_DIR)/ToDoList.app/$(BUNDLE_EXECUTABLE_FOLDER_PATH)/ToDoList";
			};
			name = Debug;
		};
		98BF79AE2C901F5D00D26CB6 /* Release */ = {
			isa = XCBuildConfiguration;
			buildSettings = {
				ALWAYS_EMBED_SWIFT_STANDARD_LIBRARIES = YES;
				BUNDLE_LOADER = "$(TEST_HOST)";
				CODE_SIGN_STYLE = Automatic;
				CURRENT_PROJECT_VERSION = 1;
				GENERATE_INFOPLIST_FILE = YES;
				IPHONEOS_DEPLOYMENT_TARGET = 17.5;
				MARKETING_VERSION = 1.0;
				PRODUCT_BUNDLE_IDENTIFIER = my.ToDoListTests;
				PRODUCT_NAME = "$(TARGET_NAME)";
				SWIFT_EMIT_LOC_STRINGS = NO;
				SWIFT_VERSION = 5.0;
				TARGETED_DEVICE_FAMILY = "1,2";
				TEST_HOST = "$(BUILT_PRODUCTS_DIR)/ToDoList.app/$(BUNDLE_EXECUTABLE_FOLDER_PATH)/ToDoList";
			};
			name = Release;
		};
		98BF79B02C901F5D00D26CB6 /* Debug */ = {
			isa = XCBuildConfiguration;
			buildSettings = {
				ALWAYS_EMBED_SWIFT_STANDARD_LIBRARIES = YES;
				CODE_SIGN_STYLE = Automatic;
				CURRENT_PROJECT_VERSION = 1;
				GENERATE_INFOPLIST_FILE = YES;
				MARKETING_VERSION = 1.0;
				PRODUCT_BUNDLE_IDENTIFIER = my.ToDoListUITests;
				PRODUCT_NAME = "$(TARGET_NAME)";
				SWIFT_EMIT_LOC_STRINGS = NO;
				SWIFT_VERSION = 5.0;
				TARGETED_DEVICE_FAMILY = "1,2";
				TEST_TARGET_NAME = ToDoList;
			};
			name = Debug;
		};
		98BF79B12C901F5D00D26CB6 /* Release */ = {
			isa = XCBuildConfiguration;
			buildSettings = {
				ALWAYS_EMBED_SWIFT_STANDARD_LIBRARIES = YES;
				CODE_SIGN_STYLE = Automatic;
				CURRENT_PROJECT_VERSION = 1;
				GENERATE_INFOPLIST_FILE = YES;
				MARKETING_VERSION = 1.0;
				PRODUCT_BUNDLE_IDENTIFIER = my.ToDoListUITests;
				PRODUCT_NAME = "$(TARGET_NAME)";
				SWIFT_EMIT_LOC_STRINGS = NO;
				SWIFT_VERSION = 5.0;
				TARGETED_DEVICE_FAMILY = "1,2";
				TEST_TARGET_NAME = ToDoList;
			};
			name = Release;
		};
/* End XCBuildConfiguration section */

/* Begin XCConfigurationList section */
		98BF79772C901F5C00D26CB6 /* Build configuration list for PBXProject "ToDoList" */ = {
			isa = XCConfigurationList;
			buildConfigurations = (
				98BF79A72C901F5D00D26CB6 /* Debug */,
				98BF79A82C901F5D00D26CB6 /* Release */,
			);
			defaultConfigurationIsVisible = 0;
			defaultConfigurationName = Release;
		};
		98BF79A92C901F5D00D26CB6 /* Build configuration list for PBXNativeTarget "ToDoList" */ = {
			isa = XCConfigurationList;
			buildConfigurations = (
				98BF79AA2C901F5D00D26CB6 /* Debug */,
				98BF79AB2C901F5D00D26CB6 /* Release */,
			);
			defaultConfigurationIsVisible = 0;
			defaultConfigurationName = Release;
		};
		98BF79AC2C901F5D00D26CB6 /* Build configuration list for PBXNativeTarget "ToDoListTests" */ = {
			isa = XCConfigurationList;
			buildConfigurations = (
				98BF79AD2C901F5D00D26CB6 /* Debug */,
				98BF79AE2C901F5D00D26CB6 /* Release */,
			);
			defaultConfigurationIsVisible = 0;
			defaultConfigurationName = Release;
		};
		98BF79AF2C901F5D00D26CB6 /* Build configuration list for PBXNativeTarget "ToDoListUITests" */ = {
			isa = XCConfigurationList;
			buildConfigurations = (
				98BF79B02C901F5D00D26CB6 /* Debug */,
				98BF79B12C901F5D00D26CB6 /* Release */,
			);
			defaultConfigurationIsVisible = 0;
			defaultConfigurationName = Release;
		};
/* End XCConfigurationList section */

/* Begin XCRemoteSwiftPackageReference section */
		98B317022C946673008205B4 /* XCRemoteSwiftPackageReference "Alamofire" */ = {
			isa = XCRemoteSwiftPackageReference;
			repositoryURL = "https://github.com/Alamofire/Alamofire";
			requirement = {
				kind = upToNextMajorVersion;
				minimumVersion = 5.9.1;
			};
		};
/* End XCRemoteSwiftPackageReference section */

/* Begin XCSwiftPackageProductDependency section */
		98B317032C946673008205B4 /* Alamofire */ = {
			isa = XCSwiftPackageProductDependency;
			package = 98B317022C946673008205B4 /* XCRemoteSwiftPackageReference "Alamofire" */;
			productName = Alamofire;
		};
/* End XCSwiftPackageProductDependency section */

/* Begin XCVersionGroup section */
		98BF79882C901F5C00D26CB6 /* ToDoList.xcdatamodeld */ = {
			isa = XCVersionGroup;
			children = (
				98BF79892C901F5C00D26CB6 /* ToDoList.xcdatamodel */,
			);
			currentVersion = 98BF79892C901F5C00D26CB6 /* ToDoList.xcdatamodel */;
			path = ToDoList.xcdatamodeld;
			sourceTree = "<group>";
			versionGroupType = wrapper.xcdatamodel;
		};
/* End XCVersionGroup section */
	};
	rootObject = 98BF79742C901F5C00D26CB6 /* Project object */;
}
